
Microsoft Visual Studio Solution File, Format Version 12.00
# Visual Studio Version 16
VisualStudioVersion = 16.0.30804.86
MinimumVisualStudioVersion = 10.0.40219.1
Project("{FAE04EC0-301F-11D3-BF4B-00C04F79EFBC}") = "GenericSet", "GenericSet\GenericSet.csproj", "{9B27CE62-8138-4EFA-B6F9-44208CE5ACA1}"
EndProject
Global
	GlobalSection(SolutionConfigurationPlatforms) = preSolution
		Debug|Any CPU = Debug|Any CPU
		Release|Any CPU = Release|Any CPU
	EndGlobalSection
	GlobalSection(ProjectConfigurationPlatforms) = postSolution
		{9B27CE62-8138-4EFA-B6F9-44208CE5ACA1}.Debug|Any CPU.ActiveCfg = Debug|Any CPU
		{9B27CE62-8138-4EFA-B6F9-44208CE5ACA1}.Debug|Any CPU.Build.0 = Debug|Any CPU
		{9B27CE62-8138-4EFA-B6F9-44208CE5ACA1}.Release|Any CPU.ActiveCfg = Release|Any CPU
		{9B27CE62-8138-4EFA-B6F9-44208CE5ACA1}.Release|Any CPU.Build.0 = Release|Any CPU
	EndGlobalSection
	GlobalSection(SolutionProperties) = preSolution
		HideSolutionNode = FALSE
	EndGlobalSection
	GlobalSection(ExtensibilityGlobals) = postSolution
		SolutionGuid = {78B1BF6C-E0C8-4169-B96C-0AD75D3C93AC}
	EndGlobalSection
EndGlobal
